
Microsoft Visual Studio Solution File, Format Version 12.00
Project("{FAE04EC0-301F-11D3-BF4B-00C04F79EFBC}") = "WebApplication1", "WebApplication1\WebApplication1.csproj", "{4E43BB7B-96E8-4924-A98C-97EDBA052C01}"
EndProject
Global
	GlobalSection(SolutionConfigurationPlatforms) = preSolution
		Debug|Any CPU = Debug|Any CPU
		Release|Any CPU = Release|Any CPU
	EndGlobalSection
	GlobalSection(ProjectConfigurationPlatforms) = postSolution
		{4E43BB7B-96E8-4924-A98C-97EDBA052C01}.Debug|Any CPU.ActiveCfg = Debug|Any CPU
		{4E43BB7B-96E8-4924-A98C-97EDBA052C01}.Debug|Any CPU.Build.0 = Debug|Any CPU
		{4E43BB7B-96E8-4924-A98C-97EDBA052C01}.Release|Any CPU.ActiveCfg = Release|Any CPU
		{4E43BB7B-96E8-4924-A98C-97EDBA052C01}.Release|Any CPU.Build.0 = Release|Any CPU
	EndGlobalSection
EndGlobal
